
Microsoft Visual Studio Solution File, Format Version 12.00
Project("{FAE04EC0-301F-11D3-BF4B-00C04F79EFBC}") = "WebApp", "WebApp\WebApp.csproj", "{2BDC3494-4469-47C4-9A5C-3209540D88A8}"
EndProject
Global
	GlobalSection(SolutionConfigurationPlatforms) = preSolution
		Debug|Any CPU = Debug|Any CPU
		Release|Any CPU = Release|Any CPU
	EndGlobalSection
	GlobalSection(ProjectConfigurationPlatforms) = postSolution
		{2BDC3494-4469-47C4-9A5C-3209540D88A8}.Debug|Any CPU.ActiveCfg = Debug|Any CPU
		{2BDC3494-4469-47C4-9A5C-3209540D88A8}.Debug|Any CPU.Build.0 = Debug|Any CPU
		{2BDC3494-4469-47C4-9A5C-3209540D88A8}.Release|Any CPU.ActiveCfg = Release|Any CPU
		{2BDC3494-4469-47C4-9A5C-3209540D88A8}.Release|Any CPU.Build.0 = Release|Any CPU
	EndGlobalSection
EndGlobal
